
Microsoft Visual Studio Solution File, Format Version 12.00
# Visual Studio Version 16
VisualStudioVersion = 16.0.29503.13
MinimumVisualStudioVersion = 10.0.40219.1
Project("{2150E333-8FDC-42A3-9474-1A3956D46DE8}") = "Contract", "Contract", "{655225E4-2F4C-4D07-82FB-7B4947EF5A7A}"
EndProject
Project("{2150E333-8FDC-42A3-9474-1A3956D46DE8}") = "0. Solution Items", "0. Solution Items", "{85EB7950-61F2-4B83-9F3E-F74ECCE0D3C8}"
	ProjectSection(SolutionItems) = preProject
		.dockerignore = .dockerignore
		.editorconfig = .editorconfig
		.gitattributes = .gitattributes
		.gitignore = .gitignore
		LICENSE = LICENSE
		settings.yaml = settings.yaml
	EndProjectSection
EndProject
Project("{2150E333-8FDC-42A3-9474-1A3956D46DE8}") = "Tests", "Tests", "{7F3DBAA2-139B-401D-A33F-1409A9BB4DE8}"
EndProject
Project("{9A19103F-16F7-4668-BE54-9A1E7A4F7556}") = "HftApi", "src\HftApi\HftApi.csproj", "{D9AE04E2-3801-499E-8E95-6F2B2B4BFB41}"
EndProject
Project("{9A19103F-16F7-4668-BE54-9A1E7A4F7556}") = "HftApi.ApiClient", "src\HftApi.ApiClient\HftApi.ApiClient.csproj", "{9B71FE5F-2279-411C-9920-4159E3635E36}"
EndProject
Project("{9A19103F-16F7-4668-BE54-9A1E7A4F7556}") = "HftApi.ApiContract", "src\HftApi.ApiContract\HftApi.ApiContract.csproj", "{48E5261D-8A27-4496-88F1-EF76BE4279DE}"
EndProject
Project("{9A19103F-16F7-4668-BE54-9A1E7A4F7556}") = "HftApiTests", "tests\HftApiTests\HftApiTests.csproj", "{4C51C936-D545-49A9-816A-4F2C357B56DF}"
EndProject
Project("{9A19103F-16F7-4668-BE54-9A1E7A4F7556}") = "HftApi.Common", "src\HftApi.Common\HftApi.Common.csproj", "{2BFF98C7-1714-4000-A468-DBD9C24E7B02}"
EndProject
Project("{2150E333-8FDC-42A3-9474-1A3956D46DE8}") = "Github workflow", "Github workflow", "{54F26A6C-5B76-40E5-8E9C-2FA0551BC226}"
	ProjectSection(SolutionItems) = preProject
		.github\workflows\ci.yml = .github\workflows\ci.yml
		.github\workflows\release-api-client.yml = .github\workflows\release-api-client.yml
		.github\workflows\release-service.yml = .github\workflows\release-service.yml
		.github\workflows\validate-commit.yml = .github\workflows\validate-commit.yml
	EndProjectSection
EndProject
Project("{2150E333-8FDC-42A3-9474-1A3956D46DE8}") = "Documentation", "Documentation", "{DB08FC9E-A784-4D4D-932C-DA320E3C5091}"
	ProjectSection(SolutionItems) = preProject
		README.md = README.md
	EndProjectSection
EndProject
Project("{2150E333-8FDC-42A3-9474-1A3956D46DE8}") = "1. Domain", "1. Domain", "{29A121B1-D8E3-41F2-8B14-CF83891C9F87}"
EndProject
Project("{FAE04EC0-301F-11D3-BF4B-00C04F79EFBC}") = "Lykke.HftApi.Domain", "src\Lykke.HftApi.Domain\Lykke.HftApi.Domain.csproj", "{6FFDAE86-D36E-41F9-BE55-6920488C247D}"
EndProject
Project("{FAE04EC0-301F-11D3-BF4B-00C04F79EFBC}") = "Lykke.HftApi.Services", "src\Lykke.HftApi.Services\Lykke.HftApi.Services.csproj", "{8D8D09F7-A72D-461F-B07A-7B85DEF83993}"
EndProject
Project("{FAE04EC0-301F-11D3-BF4B-00C04F79EFBC}") = "GrpcStreamReader", "tools\GrpcStreamReader\GrpcStreamReader.csproj", "{F1F3C1EB-6C19-4315-A03F-4F84910142C4}"
EndProject
Project("{FAE04EC0-301F-11D3-BF4B-00C04F79EFBC}") = "HftApi.Worker", "src\HftApi.Worker\HftApi.Worker.csproj", "{5F77379F-0D4E-4BB9-93DF-EA65EEE25652}"
EndProject
Project("{2150E333-8FDC-42A3-9474-1A3956D46DE8}") = "2. Tools", "2. Tools", "{3BC6F9C1-E353-46CF-B078-AA0E99AE28A8}"
EndProject
Project("{FAE04EC0-301F-11D3-BF4B-00C04F79EFBC}") = "PerformanceTests", "tools\PerformanceTests\PerformanceTests.csproj", "{E96662EC-86BB-44DB-97BD-3534A0C9AE20}"
EndProject
Project("{FAE04EC0-301F-11D3-BF4B-00C04F79EFBC}") = "MeCommands", "tools\MeCommands\MeCommands.csproj", "{67A77D5F-5A19-4578-AC05-3D6A598EF35F}"
EndProject
Project("{FAE04EC0-301F-11D3-BF4B-00C04F79EFBC}") = "WhitelistItems", "tools\WhitelistItems\WhitelistItems.csproj", "{58881FC7-C74B-4445-8246-321EAED36008}"
EndProject
Global
	GlobalSection(SolutionConfigurationPlatforms) = preSolution
		Debug|Any CPU = Debug|Any CPU
		Release|Any CPU = Release|Any CPU
	EndGlobalSection
	GlobalSection(ProjectConfigurationPlatforms) = postSolution
		{D9AE04E2-3801-499E-8E95-6F2B2B4BFB41}.Debug|Any CPU.ActiveCfg = Debug|Any CPU
		{D9AE04E2-3801-499E-8E95-6F2B2B4BFB41}.Debug|Any CPU.Build.0 = Debug|Any CPU
		{D9AE04E2-3801-499E-8E95-6F2B2B4BFB41}.Release|Any CPU.ActiveCfg = Release|Any CPU
		{D9AE04E2-3801-499E-8E95-6F2B2B4BFB41}.Release|Any CPU.Build.0 = Release|Any CPU
		{9B71FE5F-2279-411C-9920-4159E3635E36}.Debug|Any CPU.ActiveCfg = Debug|Any CPU
		{9B71FE5F-2279-411C-9920-4159E3635E36}.Debug|Any CPU.Build.0 = Debug|Any CPU
		{9B71FE5F-2279-411C-9920-4159E3635E36}.Release|Any CPU.ActiveCfg = Release|Any CPU
		{9B71FE5F-2279-411C-9920-4159E3635E36}.Release|Any CPU.Build.0 = Release|Any CPU
		{48E5261D-8A27-4496-88F1-EF76BE4279DE}.Debug|Any CPU.ActiveCfg = Debug|Any CPU
		{48E5261D-8A27-4496-88F1-EF76BE4279DE}.Debug|Any CPU.Build.0 = Debug|Any CPU
		{48E5261D-8A27-4496-88F1-EF76BE4279DE}.Release|Any CPU.ActiveCfg = Release|Any CPU
		{48E5261D-8A27-4496-88F1-EF76BE4279DE}.Release|Any CPU.Build.0 = Release|Any CPU
		{4C51C936-D545-49A9-816A-4F2C357B56DF}.Debug|Any CPU.ActiveCfg = Debug|Any CPU
		{4C51C936-D545-49A9-816A-4F2C357B56DF}.Debug|Any CPU.Build.0 = Debug|Any CPU
		{4C51C936-D545-49A9-816A-4F2C357B56DF}.Release|Any CPU.ActiveCfg = Release|Any CPU
		{4C51C936-D545-49A9-816A-4F2C357B56DF}.Release|Any CPU.Build.0 = Release|Any CPU
		{2BFF98C7-1714-4000-A468-DBD9C24E7B02}.Debug|Any CPU.ActiveCfg = Debug|Any CPU
		{2BFF98C7-1714-4000-A468-DBD9C24E7B02}.Debug|Any CPU.Build.0 = Debug|Any CPU
		{2BFF98C7-1714-4000-A468-DBD9C24E7B02}.Release|Any CPU.ActiveCfg = Release|Any CPU
		{2BFF98C7-1714-4000-A468-DBD9C24E7B02}.Release|Any CPU.Build.0 = Release|Any CPU
		{6FFDAE86-D36E-41F9-BE55-6920488C247D}.Debug|Any CPU.ActiveCfg = Debug|Any CPU
		{6FFDAE86-D36E-41F9-BE55-6920488C247D}.Debug|Any CPU.Build.0 = Debug|Any CPU
		{6FFDAE86-D36E-41F9-BE55-6920488C247D}.Release|Any CPU.ActiveCfg = Release|Any CPU
		{6FFDAE86-D36E-41F9-BE55-6920488C247D}.Release|Any CPU.Build.0 = Release|Any CPU
		{8D8D09F7-A72D-461F-B07A-7B85DEF83993}.Debug|Any CPU.ActiveCfg = Debug|Any CPU
		{8D8D09F7-A72D-461F-B07A-7B85DEF83993}.Debug|Any CPU.Build.0 = Debug|Any CPU
		{8D8D09F7-A72D-461F-B07A-7B85DEF83993}.Release|Any CPU.ActiveCfg = Release|Any CPU
		{8D8D09F7-A72D-461F-B07A-7B85DEF83993}.Release|Any CPU.Build.0 = Release|Any CPU
		{F1F3C1EB-6C19-4315-A03F-4F84910142C4}.Debug|Any CPU.ActiveCfg = Debug|Any CPU
		{F1F3C1EB-6C19-4315-A03F-4F84910142C4}.Debug|Any CPU.Build.0 = Debug|Any CPU
		{F1F3C1EB-6C19-4315-A03F-4F84910142C4}.Release|Any CPU.ActiveCfg = Release|Any CPU
		{F1F3C1EB-6C19-4315-A03F-4F84910142C4}.Release|Any CPU.Build.0 = Release|Any CPU
		{5F77379F-0D4E-4BB9-93DF-EA65EEE25652}.Debug|Any CPU.ActiveCfg = Debug|Any CPU
		{5F77379F-0D4E-4BB9-93DF-EA65EEE25652}.Debug|Any CPU.Build.0 = Debug|Any CPU
		{5F77379F-0D4E-4BB9-93DF-EA65EEE25652}.Release|Any CPU.ActiveCfg = Release|Any CPU
		{5F77379F-0D4E-4BB9-93DF-EA65EEE25652}.Release|Any CPU.Build.0 = Release|Any CPU
		{E96662EC-86BB-44DB-97BD-3534A0C9AE20}.Debug|Any CPU.ActiveCfg = Debug|Any CPU
		{E96662EC-86BB-44DB-97BD-3534A0C9AE20}.Debug|Any CPU.Build.0 = Debug|Any CPU
		{E96662EC-86BB-44DB-97BD-3534A0C9AE20}.Release|Any CPU.ActiveCfg = Release|Any CPU
		{E96662EC-86BB-44DB-97BD-3534A0C9AE20}.Release|Any CPU.Build.0 = Release|Any CPU
		{67A77D5F-5A19-4578-AC05-3D6A598EF35F}.Debug|Any CPU.ActiveCfg = Debug|Any CPU
		{67A77D5F-5A19-4578-AC05-3D6A598EF35F}.Debug|Any CPU.Build.0 = Debug|Any CPU
		{67A77D5F-5A19-4578-AC05-3D6A598EF35F}.Release|Any CPU.ActiveCfg = Release|Any CPU
		{67A77D5F-5A19-4578-AC05-3D6A598EF35F}.Release|Any CPU.Build.0 = Release|Any CPU
		{58881FC7-C74B-4445-8246-321EAED36008}.Debug|Any CPU.ActiveCfg = Debug|Any CPU
		{58881FC7-C74B-4445-8246-321EAED36008}.Debug|Any CPU.Build.0 = Debug|Any CPU
		{58881FC7-C74B-4445-8246-321EAED36008}.Release|Any CPU.ActiveCfg = Release|Any CPU
		{58881FC7-C74B-4445-8246-321EAED36008}.Release|Any CPU.Build.0 = Release|Any CPU
	EndGlobalSection
	GlobalSection(SolutionProperties) = preSolution
		HideSolutionNode = FALSE
	EndGlobalSection
	GlobalSection(NestedProjects) = preSolution
		{9B71FE5F-2279-411C-9920-4159E3635E36} = {655225E4-2F4C-4D07-82FB-7B4947EF5A7A}
		{48E5261D-8A27-4496-88F1-EF76BE4279DE} = {655225E4-2F4C-4D07-82FB-7B4947EF5A7A}
		{4C51C936-D545-49A9-816A-4F2C357B56DF} = {7F3DBAA2-139B-401D-A33F-1409A9BB4DE8}
		{54F26A6C-5B76-40E5-8E9C-2FA0551BC226} = {85EB7950-61F2-4B83-9F3E-F74ECCE0D3C8}
		{DB08FC9E-A784-4D4D-932C-DA320E3C5091} = {85EB7950-61F2-4B83-9F3E-F74ECCE0D3C8}
		{6FFDAE86-D36E-41F9-BE55-6920488C247D} = {29A121B1-D8E3-41F2-8B14-CF83891C9F87}
		{8D8D09F7-A72D-461F-B07A-7B85DEF83993} = {29A121B1-D8E3-41F2-8B14-CF83891C9F87}
		{F1F3C1EB-6C19-4315-A03F-4F84910142C4} = {3BC6F9C1-E353-46CF-B078-AA0E99AE28A8}
		{E96662EC-86BB-44DB-97BD-3534A0C9AE20} = {3BC6F9C1-E353-46CF-B078-AA0E99AE28A8}
		{67A77D5F-5A19-4578-AC05-3D6A598EF35F} = {3BC6F9C1-E353-46CF-B078-AA0E99AE28A8}
		{58881FC7-C74B-4445-8246-321EAED36008} = {3BC6F9C1-E353-46CF-B078-AA0E99AE28A8}
	EndGlobalSection
	GlobalSection(ExtensibilityGlobals) = postSolution
		SolutionGuid = {196C39E2-2F2E-46AB-BA2A-0D2E7E171B5A}
	EndGlobalSection
EndGlobal
